
Microsoft Visual Studio Solution File, Format Version 11.00
# Visual Studio 2010
Project("{FAE04EC0-301F-11D3-BF4B-00C04F79EFBC}") = "Escape-Room-", "Assembly-CSharp.csproj", "{941FB435-6528-016A-95D5-AFAE5691DC85}"
EndProject
Project("{FAE04EC0-301F-11D3-BF4B-00C04F79EFBC}") = "Escape-Room-", "Assembly-CSharp-Editor.csproj", "{C451D304-567E-14E1-A566-9863AAFBEC8A}"
EndProject
Global
	GlobalSection(SolutionConfigurationPlatforms) = preSolution
		Debug|Any CPU = Debug|Any CPU
		Release|Any CPU = Release|Any CPU
	EndGlobalSection
	GlobalSection(ProjectConfigurationPlatforms) = postSolution
		{941FB435-6528-016A-95D5-AFAE5691DC85}.Debug|Any CPU.ActiveCfg = Debug|Any CPU
		{941FB435-6528-016A-95D5-AFAE5691DC85}.Debug|Any CPU.Build.0 = Debug|Any CPU
		{941FB435-6528-016A-95D5-AFAE5691DC85}.Release|Any CPU.ActiveCfg = Release|Any CPU
		{941FB435-6528-016A-95D5-AFAE5691DC85}.Release|Any CPU.Build.0 = Release|Any CPU
		{C451D304-567E-14E1-A566-9863AAFBEC8A}.Debug|Any CPU.ActiveCfg = Debug|Any CPU
		{C451D304-567E-14E1-A566-9863AAFBEC8A}.Debug|Any CPU.Build.0 = Debug|Any CPU
		{C451D304-567E-14E1-A566-9863AAFBEC8A}.Release|Any CPU.ActiveCfg = Release|Any CPU
		{C451D304-567E-14E1-A566-9863AAFBEC8A}.Release|Any CPU.Build.0 = Release|Any CPU
	EndGlobalSection
	GlobalSection(SolutionProperties) = preSolution
		HideSolutionNode = FALSE
	EndGlobalSection
	GlobalSection(MonoDevelopProperties) = preSolution
		StartupItem = Assembly-CSharp.csproj
	EndGlobalSection
EndGlobal
