
Microsoft Visual Studio Solution File, Format Version 12.00
# Visual Studio 2017
Project("{FAE04EC0-301F-11D3-BF4B-00C04F79EFBC}") = "Escape-Room-", "Escape-Room-.csproj", "{87478034-CFB8-5EB7-F3E1-E61133D955B6}"
EndProject
Project("{FAE04EC0-301F-11D3-BF4B-00C04F79EFBC}") = "Escape-Room-.Editor", "Escape-Room-.Editor.csproj", "{36B9C48C-00E7-6FD4-1662-4751C6D9001B}"
EndProject
Global
	GlobalSection(SolutionConfigurationPlatforms) = preSolution
		Debug|Any CPU = Debug|Any CPU
		Release|Any CPU = Release|Any CPU
	EndGlobalSection
	GlobalSection(ProjectConfigurationPlatforms) = postSolution
		{87478034-CFB8-5EB7-F3E1-E61133D955B6}.Debug|Any CPU.ActiveCfg = Debug|Any CPU
		{87478034-CFB8-5EB7-F3E1-E61133D955B6}.Debug|Any CPU.Build.0 = Debug|Any CPU
		{87478034-CFB8-5EB7-F3E1-E61133D955B6}.Release|Any CPU.ActiveCfg = Release|Any CPU
		{87478034-CFB8-5EB7-F3E1-E61133D955B6}.Release|Any CPU.Build.0 = Release|Any CPU
		{36B9C48C-00E7-6FD4-1662-4751C6D9001B}.Debug|Any CPU.ActiveCfg = Debug|Any CPU
		{36B9C48C-00E7-6FD4-1662-4751C6D9001B}.Debug|Any CPU.Build.0 = Debug|Any CPU
		{36B9C48C-00E7-6FD4-1662-4751C6D9001B}.Release|Any CPU.ActiveCfg = Release|Any CPU
		{36B9C48C-00E7-6FD4-1662-4751C6D9001B}.Release|Any CPU.Build.0 = Release|Any CPU
	EndGlobalSection
	GlobalSection(SolutionProperties) = preSolution
		HideSolutionNode = FALSE
	EndGlobalSection
EndGlobal
